
Microsoft Visual Studio Solution File, Format Version 12.00
# Visual Studio Version 17
VisualStudioVersion = 17.11.35312.102
MinimumVisualStudioVersion = 10.0.40219.1
Project("{FAE04EC0-301F-11D3-BF4B-00C04F79EFBC}") = "OurHeroApiWithCodeFirstApproach", "OurHeroApiWithCodeFirstApproach\OurHeroApiWithCodeFirstApproach.csproj", "{1B2CD664-9855-44E5-BA95-C53110A22C23}"
EndProject
Global
	GlobalSection(SolutionConfigurationPlatforms) = preSolution
		Debug|Any CPU = Debug|Any CPU
		Release|Any CPU = Release|Any CPU
	EndGlobalSection
	GlobalSection(ProjectConfigurationPlatforms) = postSolution
		{1B2CD664-9855-44E5-BA95-C53110A22C23}.Debug|Any CPU.ActiveCfg = Debug|Any CPU
		{1B2CD664-9855-44E5-BA95-C53110A22C23}.Debug|Any CPU.Build.0 = Debug|Any CPU
		{1B2CD664-9855-44E5-BA95-C53110A22C23}.Release|Any CPU.ActiveCfg = Release|Any CPU
		{1B2CD664-9855-44E5-BA95-C53110A22C23}.Release|Any CPU.Build.0 = Release|Any CPU
	EndGlobalSection
	GlobalSection(SolutionProperties) = preSolution
		HideSolutionNode = FALSE
	EndGlobalSection
	GlobalSection(ExtensibilityGlobals) = postSolution
		SolutionGuid = {D4A9550A-542E-496D-8556-53F25E97504A}
	EndGlobalSection
EndGlobal
