
Microsoft Visual Studio Solution File, Format Version 12.00
# Visual Studio Version 17
VisualStudioVersion = 17.11.35312.102
MinimumVisualStudioVersion = 10.0.40219.1
Project("{FAE04EC0-301F-11D3-BF4B-00C04F79EFBC}") = "CodeFirstApproach_with_2_tables", "CodeFirstApproach_with_tables\CodeFirstApproach_with_2_tables.csproj", "{F59C47C2-6EBC-4DD4-8AF7-24E7E1793310}"
EndProject
Global
	GlobalSection(SolutionConfigurationPlatforms) = preSolution
		Debug|Any CPU = Debug|Any CPU
		Release|Any CPU = Release|Any CPU
	EndGlobalSection
	GlobalSection(ProjectConfigurationPlatforms) = postSolution
		{F59C47C2-6EBC-4DD4-8AF7-24E7E1793310}.Debug|Any CPU.ActiveCfg = Debug|Any CPU
		{F59C47C2-6EBC-4DD4-8AF7-24E7E1793310}.Debug|Any CPU.Build.0 = Debug|Any CPU
		{F59C47C2-6EBC-4DD4-8AF7-24E7E1793310}.Release|Any CPU.ActiveCfg = Release|Any CPU
		{F59C47C2-6EBC-4DD4-8AF7-24E7E1793310}.Release|Any CPU.Build.0 = Release|Any CPU
	EndGlobalSection
	GlobalSection(SolutionProperties) = preSolution
		HideSolutionNode = FALSE
	EndGlobalSection
	GlobalSection(ExtensibilityGlobals) = postSolution
		SolutionGuid = {E4B68936-2587-4313-9EF2-40725EC01145}
	EndGlobalSection
EndGlobal
