
Microsoft Visual Studio Solution File, Format Version 12.00
# Visual Studio Version 17
VisualStudioVersion = 17.11.35312.102
MinimumVisualStudioVersion = 10.0.40219.1
Project("{FAE04EC0-301F-11D3-BF4B-00C04F79EFBC}") = "MVC_CodeFirstApproach_Pooja", "MVC_CodeFirstApproach_Pooja\MVC_CodeFirstApproach_Pooja.csproj", "{B3C1EDCE-5021-4DAE-90C5-343C593A9C87}"
EndProject
Global
	GlobalSection(SolutionConfigurationPlatforms) = preSolution
		Debug|Any CPU = Debug|Any CPU
		Release|Any CPU = Release|Any CPU
	EndGlobalSection
	GlobalSection(ProjectConfigurationPlatforms) = postSolution
		{B3C1EDCE-5021-4DAE-90C5-343C593A9C87}.Debug|Any CPU.ActiveCfg = Debug|Any CPU
		{B3C1EDCE-5021-4DAE-90C5-343C593A9C87}.Debug|Any CPU.Build.0 = Debug|Any CPU
		{B3C1EDCE-5021-4DAE-90C5-343C593A9C87}.Release|Any CPU.ActiveCfg = Release|Any CPU
		{B3C1EDCE-5021-4DAE-90C5-343C593A9C87}.Release|Any CPU.Build.0 = Release|Any CPU
	EndGlobalSection
	GlobalSection(SolutionProperties) = preSolution
		HideSolutionNode = FALSE
	EndGlobalSection
	GlobalSection(ExtensibilityGlobals) = postSolution
		SolutionGuid = {6CC087D7-C21C-47E7-93D1-56D20C71523D}
	EndGlobalSection
EndGlobal
